
Microsoft Visual Studio Solution File, Format Version 12.00
# Visual Studio Version 16
VisualStudioVersion = 16.0.30204.135
MinimumVisualStudioVersion = 10.0.40219.1
Project("{FAE04EC0-301F-11D3-BF4B-00C04F79EFBC}") = "SegundoParcial", "SegundoParcial.csproj", "{172F01DB-FCC3-42CE-8808-2442B8E9E55B}"
EndProject
Global
	GlobalSection(SolutionConfigurationPlatforms) = preSolution
		Debug|Any CPU = Debug|Any CPU
		Release|Any CPU = Release|Any CPU
	EndGlobalSection
	GlobalSection(ProjectConfigurationPlatforms) = postSolution
		{172F01DB-FCC3-42CE-8808-2442B8E9E55B}.Debug|Any CPU.ActiveCfg = Debug|Any CPU
		{172F01DB-FCC3-42CE-8808-2442B8E9E55B}.Debug|Any CPU.Build.0 = Debug|Any CPU
		{172F01DB-FCC3-42CE-8808-2442B8E9E55B}.Release|Any CPU.ActiveCfg = Release|Any CPU
		{172F01DB-FCC3-42CE-8808-2442B8E9E55B}.Release|Any CPU.Build.0 = Release|Any CPU
	EndGlobalSection
	GlobalSection(SolutionProperties) = preSolution
		HideSolutionNode = FALSE
	EndGlobalSection
	GlobalSection(ExtensibilityGlobals) = postSolution
		SolutionGuid = {C206A129-64BD-42FD-8935-695404C283C9}
	EndGlobalSection
EndGlobal
